# This file is generated by running "yarn install" inside your project.
# Manual changes might be lost - proceed with caution!

__metadata:
  version: 6
  cacheKey: 8

"@babel/runtime@npm:^7.13.17, @babel/runtime@npm:^7.15.4, @babel/runtime@npm:^7.9.6":
  version: 7.19.4
  resolution: "@babel/runtime@npm:7.19.4"
  dependencies:
    regenerator-runtime: ^0.13.4
  checksum: 66b7e3c13e9ee1d2c9397ea89144f29a875edee266a0eb2d9971be51b32fdbafc85808c7a45e011e6681899bb804b4e2ee2aed6dc07108dbbd6b11b6cc2afba6
  languageName: node
  linkType: hard

"@bad-software/mithril-wuji@workspace:.":
  version: 0.0.0-use.local
  resolution: "@bad-software/mithril-wuji@workspace:."
  dependencies:
    "@soulofmischief/async.js": ^5.0.0
    "@soulofmischief/js-utils": ^0.21.0
    mithril: ^2.2.2
  languageName: unknown
  linkType: soft

"@soulofmischief/array.js@npm:^0.13.0":
  version: 0.13.1
  resolution: "@soulofmischief/array.js@npm:0.13.1"
  dependencies:
    "@babel/runtime": ^7.9.6
    "@soulofmischief/js-utils": ^0.13.0
  checksum: f798b239d8f717126b3408815d5f23de84d57c48ed19f8db81db6c00e488ab62f878a28f7eeb331dc460a80dcc26122be4e6022e5ca91d367a2b0c9081d2d105
  languageName: node
  linkType: hard

"@soulofmischief/array.js@npm:^0.16.0":
  version: 0.16.0
  resolution: "@soulofmischief/array.js@npm:0.16.0"
  dependencies:
    "@babel/runtime": ^7.9.6
    "@soulofmischief/js-utils": ^0.13.0
  checksum: 4d2eecdd751fb657b58c31a8fd3c7598740894128e7030d72ae05688090af6fa7ce0b8bd91b29db98cb05d8200ff20c69a366814d6e00d1aba30f878187f4b06
  languageName: node
  linkType: hard

"@soulofmischief/array.js@npm:^0.19.5":
  version: 0.19.5
  resolution: "@soulofmischief/array.js@npm:0.19.5"
  dependencies:
    "@babel/runtime": ^7.15.4
    "@soulofmischief/js-utils": ^0.18.6
    lodash: ^4.17.21
  checksum: 2545e41c6022e5731ee1aa4b35a5068233c4f55110d80d8f75eaf4080345552c94af2dc7e87ffd0121e366ca504f35849397be31919885d55dbdd699ee3ecd6e
  languageName: node
  linkType: hard

"@soulofmischief/array.js@npm:^0.22.0":
  version: 0.22.0
  resolution: "@soulofmischief/array.js@npm:0.22.0"
  dependencies:
    "@babel/runtime": ^7.15.4
    "@soulofmischief/js-utils": ^0.18.6
    lodash: ^4.17.21
  checksum: f5d8d94a6384239aaab6fe6ec8aa7c40f764e82de326c43b7abc022956b0af415f21b4442d496f0185eb4c61ac6e99685a6286fdab3ec465b9790298e59573e5
  languageName: node
  linkType: hard

"@soulofmischief/async.js@npm:^1.4.0":
  version: 1.6.0
  resolution: "@soulofmischief/async.js@npm:1.6.0"
  dependencies:
    "@babel/runtime": ^7.9.6
    "@soulofmischief/array.js": ^0.13.0
    "@soulofmischief/js-utils": ^0.13.1
    lodash: ^4.17.15
  checksum: 47684101162e83c632bb7c56ad973a62a11c1851d1729ff18bf2d0fd67370ec18dba75ad3db5877a7b2d95b3de230ddf03be3eff38a50549a2e6919b8a1bb592
  languageName: node
  linkType: hard

"@soulofmischief/async.js@npm:^2.0.0":
  version: 2.1.1
  resolution: "@soulofmischief/async.js@npm:2.1.1"
  dependencies:
    "@babel/runtime": ^7.9.6
    "@soulofmischief/array.js": ^0.13.0
    "@soulofmischief/js-utils": ^0.13.1
    lodash: ^4.17.15
  checksum: c7bd4bbc4e7d245bb0ebe17e2d0ce07733aeec935c900fb601e180844698e15bcf1a0fc9196422f6464dbf86d3fb9b88978c375948a2e71ddb65e1dd8d048251
  languageName: node
  linkType: hard

"@soulofmischief/async.js@npm:^5.0.0":
  version: 5.0.0
  resolution: "@soulofmischief/async.js@npm:5.0.0"
  dependencies:
    "@babel/runtime": ^7.13.17
    "@soulofmischief/array.js": ^0.16.0
    "@soulofmischief/js-utils": ^0.16.7
    lodash: ^4.17.21
  checksum: 5eda8e56067e18fc46dac720a6f20c16c4ddc991cca7297cc2a73ba6659be8118c3cfaa604281b91cebe5e1ce6578975312f750a87afa6adb0bc8fa74f22a9f1
  languageName: node
  linkType: hard

"@soulofmischief/js-utils@npm:^0.13.0, @soulofmischief/js-utils@npm:^0.13.1":
  version: 0.13.1
  resolution: "@soulofmischief/js-utils@npm:0.13.1"
  dependencies:
    "@soulofmischief/array.js": ^0.13.0
    "@soulofmischief/async.js": ^1.4.0
    lodash: ^4.17.15
  checksum: 2b5bcee88b77666245fd5b9e7f3aec9de3da74af2980295039aaf091991b26169d40da267d9a4f299688e5485a42fec923c7b3c55d665ac7d9e08b839e377824
  languageName: node
  linkType: hard

"@soulofmischief/js-utils@npm:^0.16.7":
  version: 0.16.7
  resolution: "@soulofmischief/js-utils@npm:0.16.7"
  dependencies:
    "@soulofmischief/array.js": ^0.16.0
    "@soulofmischief/async.js": ^2.0.0
    lodash: ^4.17.21
  checksum: 11efee1a672dcbcb8f2a7731416b27dbb074526c9d4244da59a555a16a63d56177eccd74c1ad8008005080435f6998fd8333928c0787f269a339406d8beb0891
  languageName: node
  linkType: hard

"@soulofmischief/js-utils@npm:^0.18.6":
  version: 0.18.7
  resolution: "@soulofmischief/js-utils@npm:0.18.7"
  dependencies:
    "@soulofmischief/array.js": ^0.19.5
    "@soulofmischief/async.js": ^5.0.0
    lodash: ^4.17.21
  checksum: 49e50355d214c027dc3f1964670c4965e02c4d5612f91389608d26329c86c6d2e34740bdbeed5c2e59d41d66d2ea161246969bc52f8b631a9392b43424ce4ac4
  languageName: node
  linkType: hard

"@soulofmischief/js-utils@npm:^0.21.0":
  version: 0.21.0
  resolution: "@soulofmischief/js-utils@npm:0.21.0"
  dependencies:
    "@soulofmischief/array.js": ^0.22.0
    "@soulofmischief/async.js": ^5.0.0
    "@soulofmischief/strings": ^0.8.0
    lodash-es: ^4.17.21
  checksum: 939f8499c52ad8fa46ff8d90b9180f8eadd5754b28a660930829641005362ecb19f169117430ff17e9f96c8b49c8b02fbf30a0a10771f07bd109c97ff42171be
  languageName: node
  linkType: hard

"@soulofmischief/regex@npm:^0.3.0":
  version: 0.3.0
  resolution: "@soulofmischief/regex@npm:0.3.0"
  checksum: 85d0a4c340e673b8a048570141da937790938be1291ce4264d18d2f30bdae58824918e847b566ed867b9055b5d9766ed8633956a129a4700c6137b3995177ca1
  languageName: node
  linkType: hard

"@soulofmischief/strings@npm:^0.8.0":
  version: 0.8.0
  resolution: "@soulofmischief/strings@npm:0.8.0"
  dependencies:
    "@soulofmischief/regex": ^0.3.0
    nanoid: ^3.1.12
  checksum: 8c9c562a3a27ea6db995b774c8880294788b0be47b36fff2c940c2f0233049819365c903ec07a7cb607728f967090a7a42342cec528a55851c02c2561baf5ca5
  languageName: node
  linkType: hard

"balanced-match@npm:^1.0.0":
  version: 1.0.2
  resolution: "balanced-match@npm:1.0.2"
  checksum: 9706c088a283058a8a99e0bf91b0a2f75497f185980d9ffa8b304de1d9e58ebda7c72c07ebf01dadedaac5b2907b2c6f566f660d62bd336c3468e960403b9d65
  languageName: node
  linkType: hard

"brace-expansion@npm:^1.1.7":
  version: 1.1.11
  resolution: "brace-expansion@npm:1.1.11"
  dependencies:
    balanced-match: ^1.0.0
    concat-map: 0.0.1
  checksum: faf34a7bb0c3fcf4b59c7808bc5d2a96a40988addf2e7e09dfbb67a2251800e0d14cd2bfc1aa79174f2f5095c54ff27f46fb1289fe2d77dac755b5eb3434cc07
  languageName: node
  linkType: hard

"concat-map@npm:0.0.1":
  version: 0.0.1
  resolution: "concat-map@npm:0.0.1"
  checksum: 902a9f5d8967a3e2faf138d5cb784b9979bad2e6db5357c5b21c568df4ebe62bcb15108af1b2253744844eb964fc023fbd9afbbbb6ddd0bcc204c6fb5b7bf3af
  languageName: node
  linkType: hard

"fs.realpath@npm:^1.0.0":
  version: 1.0.0
  resolution: "fs.realpath@npm:1.0.0"
  checksum: 99ddea01a7e75aa276c250a04eedeffe5662bce66c65c07164ad6264f9de18fb21be9433ead460e54cff20e31721c811f4fb5d70591799df5f85dce6d6746fd0
  languageName: node
  linkType: hard

"glob@npm:^7.1.3":
  version: 7.2.3
  resolution: "glob@npm:7.2.3"
  dependencies:
    fs.realpath: ^1.0.0
    inflight: ^1.0.4
    inherits: 2
    minimatch: ^3.1.1
    once: ^1.3.0
    path-is-absolute: ^1.0.0
  checksum: 29452e97b38fa704dabb1d1045350fb2467cf0277e155aa9ff7077e90ad81d1ea9d53d3ee63bd37c05b09a065e90f16aec4a65f5b8de401d1dac40bc5605d133
  languageName: node
  linkType: hard

"inflight@npm:^1.0.4":
  version: 1.0.6
  resolution: "inflight@npm:1.0.6"
  dependencies:
    once: ^1.3.0
    wrappy: 1
  checksum: f4f76aa072ce19fae87ce1ef7d221e709afb59d445e05d47fba710e85470923a75de35bfae47da6de1b18afc3ce83d70facf44cfb0aff89f0a3f45c0a0244dfd
  languageName: node
  linkType: hard

"inherits@npm:2":
  version: 2.0.4
  resolution: "inherits@npm:2.0.4"
  checksum: 4a48a733847879d6cf6691860a6b1e3f0f4754176e4d71494c41f3475553768b10f84b5ce1d40fbd0e34e6bfbb864ee35858ad4dd2cf31e02fc4a154b724d7f1
  languageName: node
  linkType: hard

"lodash-es@npm:^4.17.21":
  version: 4.17.21
  resolution: "lodash-es@npm:4.17.21"
  checksum: 05cbffad6e2adbb331a4e16fbd826e7faee403a1a04873b82b42c0f22090f280839f85b95393f487c1303c8a3d2a010048bf06151a6cbe03eee4d388fb0a12d2
  languageName: node
  linkType: hard

"lodash@npm:^4.17.15, lodash@npm:^4.17.21":
  version: 4.17.21
  resolution: "lodash@npm:4.17.21"
  checksum: eb835a2e51d381e561e508ce932ea50a8e5a68f4ebdd771ea240d3048244a8d13658acbd502cd4829768c56f2e16bdd4340b9ea141297d472517b83868e677f7
  languageName: node
  linkType: hard

"minimatch@npm:^3.1.1":
  version: 3.1.2
  resolution: "minimatch@npm:3.1.2"
  dependencies:
    brace-expansion: ^1.1.7
  checksum: c154e566406683e7bcb746e000b84d74465b3a832c45d59912b9b55cd50dee66e5c4b1e5566dba26154040e51672f9aa450a9aef0c97cfc7336b78b7afb9540a
  languageName: node
  linkType: hard

"mithril@npm:^2.2.2":
  version: 2.2.2
  resolution: "mithril@npm:2.2.2"
  dependencies:
    ospec: 4.0.0
  bin:
    ospec: ospec/bin/ospec
  checksum: d056098d6211a4f3b3cd1b98194329df658c0c6d8367d4f5eca1d831e93f7850e45747967e1b5375bcee947d696df731aa70166652a66fe1708f06b1214e308e
  languageName: node
  linkType: hard

"nanoid@npm:^3.1.12":
  version: 3.3.4
  resolution: "nanoid@npm:3.3.4"
  bin:
    nanoid: bin/nanoid.cjs
  checksum: 2fddd6dee994b7676f008d3ffa4ab16035a754f4bb586c61df5a22cf8c8c94017aadd360368f47d653829e0569a92b129979152ff97af23a558331e47e37cd9c
  languageName: node
  linkType: hard

"once@npm:^1.3.0":
  version: 1.4.0
  resolution: "once@npm:1.4.0"
  dependencies:
    wrappy: 1
  checksum: cd0a88501333edd640d95f0d2700fbde6bff20b3d4d9bdc521bdd31af0656b5706570d6c6afe532045a20bb8dc0849f8332d6f2a416e0ba6d3d3b98806c7db68
  languageName: node
  linkType: hard

"ospec@npm:4.0.0":
  version: 4.0.0
  resolution: "ospec@npm:4.0.0"
  dependencies:
    glob: ^7.1.3
  bin:
    ospec: ./bin/ospec
  checksum: d8a18a171f2e4c434d2fd09452ca7e566fa735238abf88cb271952181dcfef8e73912baeb4e5bdac5729b021c901f921624fd4016c1022e086894d2cfb49879c
  languageName: node
  linkType: hard

"path-is-absolute@npm:^1.0.0":
  version: 1.0.1
  resolution: "path-is-absolute@npm:1.0.1"
  checksum: 060840f92cf8effa293bcc1bea81281bd7d363731d214cbe5c227df207c34cd727430f70c6037b5159c8a870b9157cba65e775446b0ab06fd5ecc7e54615a3b8
  languageName: node
  linkType: hard

"regenerator-runtime@npm:^0.13.4":
  version: 0.13.10
  resolution: "regenerator-runtime@npm:0.13.10"
  checksum: 09893f5a9e82932642d9a999716b6c626dc53ef2a01307c952ebbf8e011802360163a37c304c18a6c358548be5a72b448e37209954a18696f21e438c81cbb4b9
  languageName: node
  linkType: hard

"wrappy@npm:1":
  version: 1.0.2
  resolution: "wrappy@npm:1.0.2"
  checksum: 159da4805f7e84a3d003d8841557196034155008f817172d4e986bd591f74aa82aa7db55929a54222309e01079a65a92a9e6414da5a6aa4b01ee44a511ac3ee5
  languageName: node
  linkType: hard
